
Microsoft Visual Studio Solution File, Format Version 12.00
# Visual Studio Version 16
VisualStudioVersion = 16.0.31402.337
MinimumVisualStudioVersion = 10.0.40219.1
Project("{FAE04EC0-301F-11D3-BF4B-00C04F79EFBC}") = "telegrammBot", "telegrammBot\telegrammBot.csproj", "{31D207AB-7235-4A3A-BCD8-D99F702DC2FA}"
EndProject
Global
	GlobalSection(SolutionConfigurationPlatforms) = preSolution
		Debug|Any CPU = Debug|Any CPU
		Release|Any CPU = Release|Any CPU
	EndGlobalSection
	GlobalSection(ProjectConfigurationPlatforms) = postSolution
		{31D207AB-7235-4A3A-BCD8-D99F702DC2FA}.Debug|Any CPU.ActiveCfg = Debug|Any CPU
		{31D207AB-7235-4A3A-BCD8-D99F702DC2FA}.Debug|Any CPU.Build.0 = Debug|Any CPU
		{31D207AB-7235-4A3A-BCD8-D99F702DC2FA}.Release|Any CPU.ActiveCfg = Release|Any CPU
		{31D207AB-7235-4A3A-BCD8-D99F702DC2FA}.Release|Any CPU.Build.0 = Release|Any CPU
	EndGlobalSection
	GlobalSection(SolutionProperties) = preSolution
		HideSolutionNode = FALSE
	EndGlobalSection
	GlobalSection(ExtensibilityGlobals) = postSolution
		SolutionGuid = {76CAC5DD-3C0A-426B-A13D-290A4A2D88EA}
	EndGlobalSection
EndGlobal
